
Microsoft Visual Studio Solution File, Format Version 12.00
# Visual Studio 15
VisualStudioVersion = 15.0.26430.16
MinimumVisualStudioVersion = 10.0.40219.1
Project("{9A19103F-16F7-4668-BE54-9A1E7A4F7556}") = "Icm.ChoreManager.Domain", "Icm.TaskManager.Domain\Icm.ChoreManager.Domain.csproj", "{51E9020E-FCE5-480A-A3EB-1F22AD97B418}"
EndProject
Project("{9A19103F-16F7-4668-BE54-9A1E7A4F7556}") = "Icm.ChoreManager.Application", "Icm.TaskManager.Application\Icm.ChoreManager.Application.csproj", "{3B083D48-6AC5-4A52-9C65-6C2D72269359}"
EndProject
Project("{9A19103F-16F7-4668-BE54-9A1E7A4F7556}") = "Icm.ChoreManager.Infrastructure", "Icm.TaskManager.Infrastructure\Icm.ChoreManager.Infrastructure.csproj", "{35829DDB-1783-483E-9C7E-D0B342BFBF12}"
EndProject
Project("{9A19103F-16F7-4668-BE54-9A1E7A4F7556}") = "Icm.ChoreManager.CommandLine", "Icm.TaskManager.CommandLine\Icm.ChoreManager.CommandLine.csproj", "{56B63163-8029-47C1-A265-22639C145EC6}"
EndProject
Project("{9A19103F-16F7-4668-BE54-9A1E7A4F7556}") = "Icm.ChoreManager.Tests", "ClassLibrary1\Icm.ChoreManager.Tests.csproj", "{4F60A3FE-9600-4238-8AE3-FE2BA863F82D}"
EndProject
Project("{F2A71F9B-5D33-465A-A702-920D77279786}") = "Icm.ChoreManager.Domain.Fs", "Icm.TaskManager.Domain.Fs\Icm.ChoreManager.Domain.Fs.fsproj", "{BB36D038-6C8C-4DBC-9A1E-C3589A08FC92}"
EndProject
Global
	GlobalSection(SolutionConfigurationPlatforms) = preSolution
		Debug|Any CPU = Debug|Any CPU
		Release|Any CPU = Release|Any CPU
	EndGlobalSection
	GlobalSection(ProjectConfigurationPlatforms) = postSolution
		{51E9020E-FCE5-480A-A3EB-1F22AD97B418}.Debug|Any CPU.ActiveCfg = Debug|Any CPU
		{51E9020E-FCE5-480A-A3EB-1F22AD97B418}.Debug|Any CPU.Build.0 = Debug|Any CPU
		{51E9020E-FCE5-480A-A3EB-1F22AD97B418}.Release|Any CPU.ActiveCfg = Release|Any CPU
		{51E9020E-FCE5-480A-A3EB-1F22AD97B418}.Release|Any CPU.Build.0 = Release|Any CPU
		{3B083D48-6AC5-4A52-9C65-6C2D72269359}.Debug|Any CPU.ActiveCfg = Debug|Any CPU
		{3B083D48-6AC5-4A52-9C65-6C2D72269359}.Debug|Any CPU.Build.0 = Debug|Any CPU
		{3B083D48-6AC5-4A52-9C65-6C2D72269359}.Release|Any CPU.ActiveCfg = Release|Any CPU
		{3B083D48-6AC5-4A52-9C65-6C2D72269359}.Release|Any CPU.Build.0 = Release|Any CPU
		{35829DDB-1783-483E-9C7E-D0B342BFBF12}.Debug|Any CPU.ActiveCfg = Debug|Any CPU
		{35829DDB-1783-483E-9C7E-D0B342BFBF12}.Debug|Any CPU.Build.0 = Debug|Any CPU
		{35829DDB-1783-483E-9C7E-D0B342BFBF12}.Release|Any CPU.ActiveCfg = Release|Any CPU
		{35829DDB-1783-483E-9C7E-D0B342BFBF12}.Release|Any CPU.Build.0 = Release|Any CPU
		{56B63163-8029-47C1-A265-22639C145EC6}.Debug|Any CPU.ActiveCfg = Debug|Any CPU
		{56B63163-8029-47C1-A265-22639C145EC6}.Debug|Any CPU.Build.0 = Debug|Any CPU
		{56B63163-8029-47C1-A265-22639C145EC6}.Release|Any CPU.ActiveCfg = Release|Any CPU
		{56B63163-8029-47C1-A265-22639C145EC6}.Release|Any CPU.Build.0 = Release|Any CPU
		{4F60A3FE-9600-4238-8AE3-FE2BA863F82D}.Debug|Any CPU.ActiveCfg = Debug|Any CPU
		{4F60A3FE-9600-4238-8AE3-FE2BA863F82D}.Debug|Any CPU.Build.0 = Debug|Any CPU
		{4F60A3FE-9600-4238-8AE3-FE2BA863F82D}.Release|Any CPU.ActiveCfg = Release|Any CPU
		{4F60A3FE-9600-4238-8AE3-FE2BA863F82D}.Release|Any CPU.Build.0 = Release|Any CPU
		{BB36D038-6C8C-4DBC-9A1E-C3589A08FC92}.Debug|Any CPU.ActiveCfg = Debug|Any CPU
		{BB36D038-6C8C-4DBC-9A1E-C3589A08FC92}.Debug|Any CPU.Build.0 = Debug|Any CPU
		{BB36D038-6C8C-4DBC-9A1E-C3589A08FC92}.Release|Any CPU.ActiveCfg = Release|Any CPU
		{BB36D038-6C8C-4DBC-9A1E-C3589A08FC92}.Release|Any CPU.Build.0 = Release|Any CPU
	EndGlobalSection
	GlobalSection(SolutionProperties) = preSolution
		HideSolutionNode = FALSE
	EndGlobalSection
EndGlobal
